
Microsoft Visual Studio Solution File, Format Version 12.00
# Visual Studio Version 16
VisualStudioVersion = 16.0.30621.155
MinimumVisualStudioVersion = 10.0.40219.1
Project("{FAE04EC0-301F-11D3-BF4B-00C04F79EFBC}") = "PlGui", "PlGui\PlGui.csproj", "{FEA8D130-E4AB-4E5F-BA28-8848BD4FDC0D}"
EndProject
Project("{FAE04EC0-301F-11D3-BF4B-00C04F79EFBC}") = "BL", "BL\BL.csproj", "{B5A1C49C-0A47-4470-BDD3-35D31DC3A7C8}"
EndProject
Project("{FAE04EC0-301F-11D3-BF4B-00C04F79EFBC}") = "IDL", "DalApi\IDL.csproj", "{DCF4FF4A-3689-441B-9A53-D8DDEC67482E}"
EndProject
Project("{FAE04EC0-301F-11D3-BF4B-00C04F79EFBC}") = "DLObject", "DalObject\DLObject.csproj", "{74D618C2-E181-4BB3-9555-0AE96BA5DA5F}"
EndProject
Project("{FAE04EC0-301F-11D3-BF4B-00C04F79EFBC}") = "DS", "DS\DS.csproj", "{6C2C01DA-DB4C-4C15-96B3-21C10BECC1DE}"
EndProject
Global
	GlobalSection(SolutionConfigurationPlatforms) = preSolution
		Debug|Any CPU = Debug|Any CPU
		Release|Any CPU = Release|Any CPU
	EndGlobalSection
	GlobalSection(ProjectConfigurationPlatforms) = postSolution
		{FEA8D130-E4AB-4E5F-BA28-8848BD4FDC0D}.Debug|Any CPU.ActiveCfg = Debug|Any CPU
		{FEA8D130-E4AB-4E5F-BA28-8848BD4FDC0D}.Debug|Any CPU.Build.0 = Debug|Any CPU
		{FEA8D130-E4AB-4E5F-BA28-8848BD4FDC0D}.Release|Any CPU.ActiveCfg = Release|Any CPU
		{FEA8D130-E4AB-4E5F-BA28-8848BD4FDC0D}.Release|Any CPU.Build.0 = Release|Any CPU
		{B5A1C49C-0A47-4470-BDD3-35D31DC3A7C8}.Debug|Any CPU.ActiveCfg = Debug|Any CPU
		{B5A1C49C-0A47-4470-BDD3-35D31DC3A7C8}.Debug|Any CPU.Build.0 = Debug|Any CPU
		{B5A1C49C-0A47-4470-BDD3-35D31DC3A7C8}.Release|Any CPU.ActiveCfg = Release|Any CPU
		{B5A1C49C-0A47-4470-BDD3-35D31DC3A7C8}.Release|Any CPU.Build.0 = Release|Any CPU
		{DCF4FF4A-3689-441B-9A53-D8DDEC67482E}.Debug|Any CPU.ActiveCfg = Debug|Any CPU
		{DCF4FF4A-3689-441B-9A53-D8DDEC67482E}.Debug|Any CPU.Build.0 = Debug|Any CPU
		{DCF4FF4A-3689-441B-9A53-D8DDEC67482E}.Release|Any CPU.ActiveCfg = Release|Any CPU
		{DCF4FF4A-3689-441B-9A53-D8DDEC67482E}.Release|Any CPU.Build.0 = Release|Any CPU
		{74D618C2-E181-4BB3-9555-0AE96BA5DA5F}.Debug|Any CPU.ActiveCfg = Debug|Any CPU
		{74D618C2-E181-4BB3-9555-0AE96BA5DA5F}.Debug|Any CPU.Build.0 = Debug|Any CPU
		{74D618C2-E181-4BB3-9555-0AE96BA5DA5F}.Release|Any CPU.ActiveCfg = Release|Any CPU
		{74D618C2-E181-4BB3-9555-0AE96BA5DA5F}.Release|Any CPU.Build.0 = Release|Any CPU
		{6C2C01DA-DB4C-4C15-96B3-21C10BECC1DE}.Debug|Any CPU.ActiveCfg = Debug|Any CPU
		{6C2C01DA-DB4C-4C15-96B3-21C10BECC1DE}.Debug|Any CPU.Build.0 = Debug|Any CPU
		{6C2C01DA-DB4C-4C15-96B3-21C10BECC1DE}.Release|Any CPU.ActiveCfg = Release|Any CPU
		{6C2C01DA-DB4C-4C15-96B3-21C10BECC1DE}.Release|Any CPU.Build.0 = Release|Any CPU
	EndGlobalSection
	GlobalSection(SolutionProperties) = preSolution
		HideSolutionNode = FALSE
	EndGlobalSection
	GlobalSection(ExtensibilityGlobals) = postSolution
		SolutionGuid = {261B11F3-30A2-4545-90F1-081FA4FCD6F3}
	EndGlobalSection
EndGlobal
